
Microsoft Visual Studio Solution File, Format Version 12.00
# Visual Studio Version 17
VisualStudioVersion = 17.2.32616.157
MinimumVisualStudioVersion = 10.0.40219.1
Project("{FAE04EC0-301F-11D3-BF4B-00C04F79EFBC}") = "Assignment_ITI", "Assignment_ITI\Assignment_ITI.csproj", "{6FA39967-4962-4C7D-87B4-9A7161A3312D}"
EndProject
Global
	GlobalSection(SolutionConfigurationPlatforms) = preSolution
		Debug|Any CPU = Debug|Any CPU
		Release|Any CPU = Release|Any CPU
	EndGlobalSection
	GlobalSection(ProjectConfigurationPlatforms) = postSolution
		{6FA39967-4962-4C7D-87B4-9A7161A3312D}.Debug|Any CPU.ActiveCfg = Debug|Any CPU
		{6FA39967-4962-4C7D-87B4-9A7161A3312D}.Debug|Any CPU.Build.0 = Debug|Any CPU
		{6FA39967-4962-4C7D-87B4-9A7161A3312D}.Release|Any CPU.ActiveCfg = Release|Any CPU
		{6FA39967-4962-4C7D-87B4-9A7161A3312D}.Release|Any CPU.Build.0 = Release|Any CPU
	EndGlobalSection
	GlobalSection(SolutionProperties) = preSolution
		HideSolutionNode = FALSE
	EndGlobalSection
	GlobalSection(ExtensibilityGlobals) = postSolution
		SolutionGuid = {401F5EBD-9656-43D1-864C-41DD6FFB3894}
	EndGlobalSection
EndGlobal
